// !$*UTF8*$!
{
	archiveVersion = 1;
	classes = {
	};
	objectVersion = 56;
	objects = {

/* Begin PBXBuildFile section */
		D1D5918A2A509A8B002DF637 /* AppDelegate.swift in Sources */ = {isa = PBXBuildFile; fileRef = D1D591892A509A8B002DF637 /* AppDelegate.swift */; };
		D1D5918C2A509A8B002DF637 /* SceneDelegate.swift in Sources */ = {isa = PBXBuildFile; fileRef = D1D5918B2A509A8B002DF637 /* SceneDelegate.swift */; };
		D1D5918E2A509A8B002DF637 /* LoginViewController.swift in Sources */ = {isa = PBXBuildFile; fileRef = D1D5918D2A509A8B002DF637 /* LoginViewController.swift */; };
		D1D591912A509A8B002DF637 /* Main.storyboard in Resources */ = {isa = PBXBuildFile; fileRef = D1D5918F2A509A8B002DF637 /* Main.storyboard */; };
		D1D591942A509A8B002DF637 /* OnTheMap.xcdatamodeld in Sources */ = {isa = PBXBuildFile; fileRef = D1D591922A509A8B002DF637 /* OnTheMap.xcdatamodeld */; };
		D1D591962A509A8D002DF637 /* Assets.xcassets in Resources */ = {isa = PBXBuildFile; fileRef = D1D591952A509A8D002DF637 /* Assets.xcassets */; };
		D1D591992A509A8D002DF637 /* LaunchScreen.storyboard in Resources */ = {isa = PBXBuildFile; fileRef = D1D591972A509A8D002DF637 /* LaunchScreen.storyboard */; };
		D1D591A12A509B20002DF637 /* FinishAddLocationViewController.swift in Sources */ = {isa = PBXBuildFile; fileRef = D1D591A02A509B20002DF637 /* FinishAddLocationViewController.swift */; };
		D1D591A32A509B3C002DF637 /* StudentsData.swift in Sources */ = {isa = PBXBuildFile; fileRef = D1D591A22A509B3C002DF637 /* StudentsData.swift */; };
		D1D591A52A509B50002DF637 /* CommonStrings.swift in Sources */ = {isa = PBXBuildFile; fileRef = D1D591A42A509B50002DF637 /* CommonStrings.swift */; };
		D1D591A72A509B68002DF637 /* AddLocationViewController.swift in Sources */ = {isa = PBXBuildFile; fileRef = D1D591A62A509B68002DF637 /* AddLocationViewController.swift */; };
		D1D591A92A509B87002DF637 /* ListTableViewController.swift in Sources */ = {isa = PBXBuildFile; fileRef = D1D591A82A509B87002DF637 /* ListTableViewController.swift */; };
		D1D591AB2A509BA6002DF637 /* MapViewController.swift in Sources */ = {isa = PBXBuildFile; fileRef = D1D591AA2A509BA6002DF637 /* MapViewController.swift */; };
		D1D591AD2A509BCE002DF637 /* UIViewController+Extensions.swift in Sources */ = {isa = PBXBuildFile; fileRef = D1D591AC2A509BCE002DF637 /* UIViewController+Extensions.swift */; };
		D1D591AF2A509BE7002DF637 /* ApiClient.swift in Sources */ = {isa = PBXBuildFile; fileRef = D1D591AE2A509BE7002DF637 /* ApiClient.swift */; };
		D1D591B12A509BFB002DF637 /* Auth.swift in Sources */ = {isa = PBXBuildFile; fileRef = D1D591B02A509BFB002DF637 /* Auth.swift */; };
		D1D591B32A509C1B002DF637 /* Endpoints.swift in Sources */ = {isa = PBXBuildFile; fileRef = D1D591B22A509C1B002DF637 /* Endpoints.swift */; };
		D1D591B52A509C39002DF637 /* RestClient.swift in Sources */ = {isa = PBXBuildFile; fileRef = D1D591B42A509C39002DF637 /* RestClient.swift */; };
		D1D591B72A509C5E002DF637 /* LoginResponse.swift in Sources */ = {isa = PBXBuildFile; fileRef = D1D591B62A509C5E002DF637 /* LoginResponse.swift */; };
		D1D591B92A509C77002DF637 /* Account.swift in Sources */ = {isa = PBXBuildFile; fileRef = D1D591B82A509C77002DF637 /* Account.swift */; };
		D1D591BB2A509C89002DF637 /* UserProfile.swift in Sources */ = {isa = PBXBuildFile; fileRef = D1D591BA2A509C89002DF637 /* UserProfile.swift */; };
		D1D591BD2A509CB4002DF637 /* StudentsLocation.swift in Sources */ = {isa = PBXBuildFile; fileRef = D1D591BC2A509CB4002DF637 /* StudentsLocation.swift */; };
		D1D591BF2A509CCC002DF637 /* StudentsInformation.swift in Sources */ = {isa = PBXBuildFile; fileRef = D1D591BE2A509CCC002DF637 /* StudentsInformation.swift */; };
		D1D591C12A509CED002DF637 /* Location.swift in Sources */ = {isa = PBXBuildFile; fileRef = D1D591C02A509CED002DF637 /* Location.swift */; };
		D1D591C32A509D08002DF637 /* PostLocationResponse.swift in Sources */ = {isa = PBXBuildFile; fileRef = D1D591C22A509D08002DF637 /* PostLocationResponse.swift */; };
		D1D591C52A509D1D002DF637 /* UpdateLocationResponse.swift in Sources */ = {isa = PBXBuildFile; fileRef = D1D591C42A509D1D002DF637 /* UpdateLocationResponse.swift */; };
		D1D591C72A509D2F002DF637 /* Session.swift in Sources */ = {isa = PBXBuildFile; fileRef = D1D591C62A509D2F002DF637 /* Session.swift */; };
/* End PBXBuildFile section */

/* Begin PBXFileReference section */
		D1D591862A509A8B002DF637 /* OnTheMap.app */ = {isa = PBXFileReference; explicitFileType = wrapper.application; includeInIndex = 0; path = OnTheMap.app; sourceTree = BUILT_PRODUCTS_DIR; };
		D1D591892A509A8B002DF637 /* AppDelegate.swift */ = {isa = PBXFileReference; lastKnownFileType = sourcecode.swift; path = AppDelegate.swift; sourceTree = "<group>"; };
		D1D5918B2A509A8B002DF637 /* SceneDelegate.swift */ = {isa = PBXFileReference; lastKnownFileType = sourcecode.swift; path = SceneDelegate.swift; sourceTree = "<group>"; };
		D1D5918D2A509A8B002DF637 /* LoginViewController.swift */ = {isa = PBXFileReference; lastKnownFileType = sourcecode.swift; path = LoginViewController.swift; sourceTree = "<group>"; };
		D1D591902A509A8B002DF637 /* Base */ = {isa = PBXFileReference; lastKnownFileType = file.storyboard; name = Base; path = Base.lproj/Main.storyboard; sourceTree = "<group>"; };
		D1D591932A509A8B002DF637 /* OnTheMap.xcdatamodel */ = {isa = PBXFileReference; lastKnownFileType = wrapper.xcdatamodel; path = OnTheMap.xcdatamodel; sourceTree = "<group>"; };
		D1D591952A509A8D002DF637 /* Assets.xcassets */ = {isa = PBXFileReference; lastKnownFileType = folder.assetcatalog; path = Assets.xcassets; sourceTree = "<group>"; };
		D1D591982A509A8D002DF637 /* Base */ = {isa = PBXFileReference; lastKnownFileType = file.storyboard; name = Base; path = Base.lproj/LaunchScreen.storyboard; sourceTree = "<group>"; };
		D1D5919A2A509A8D002DF637 /* Info.plist */ = {isa = PBXFileReference; lastKnownFileType = text.plist.xml; path = Info.plist; sourceTree = "<group>"; };
		D1D591A02A509B20002DF637 /* FinishAddLocationViewController.swift */ = {isa = PBXFileReference; lastKnownFileType = sourcecode.swift; path = FinishAddLocationViewController.swift; sourceTree = "<group>"; };
		D1D591A22A509B3C002DF637 /* StudentsData.swift */ = {isa = PBXFileReference; lastKnownFileType = sourcecode.swift; path = StudentsData.swift; sourceTree = "<group>"; };
		D1D591A42A509B50002DF637 /* CommonStrings.swift */ = {isa = PBXFileReference; lastKnownFileType = sourcecode.swift; path = CommonStrings.swift; sourceTree = "<group>"; };
		D1D591A62A509B68002DF637 /* AddLocationViewController.swift */ = {isa = PBXFileReference; lastKnownFileType = sourcecode.swift; path = AddLocationViewController.swift; sourceTree = "<group>"; };
		D1D591A82A509B87002DF637 /* ListTableViewController.swift */ = {isa = PBXFileReference; lastKnownFileType = sourcecode.swift; path = ListTableViewController.swift; sourceTree = "<group>"; };
		D1D591AA2A509BA6002DF637 /* MapViewController.swift */ = {isa = PBXFileReference; lastKnownFileType = sourcecode.swift; path = MapViewController.swift; sourceTree = "<group>"; };
		D1D591AC2A509BCE002DF637 /* UIViewController+Extensions.swift */ = {isa = PBXFileReference; lastKnownFileType = sourcecode.swift; path = "UIViewController+Extensions.swift"; sourceTree = "<group>"; };
		D1D591AE2A509BE7002DF637 /* ApiClient.swift */ = {isa = PBXFileReference; lastKnownFileType = sourcecode.swift; path = ApiClient.swift; sourceTree = "<group>"; };
		D1D591B02A509BFB002DF637 /* Auth.swift */ = {isa = PBXFileReference; lastKnownFileType = sourcecode.swift; path = Auth.swift; sourceTree = "<group>"; };
		D1D591B22A509C1B002DF637 /* Endpoints.swift */ = {isa = PBXFileReference; lastKnownFileType = sourcecode.swift; path = Endpoints.swift; sourceTree = "<group>"; };
		D1D591B42A509C39002DF637 /* RestClient.swift */ = {isa = PBXFileReference; lastKnownFileType = sourcecode.swift; path = RestClient.swift; sourceTree = "<group>"; };
		D1D591B62A509C5E002DF637 /* LoginResponse.swift */ = {isa = PBXFileReference; lastKnownFileType = sourcecode.swift; path = LoginResponse.swift; sourceTree = "<group>"; };
		D1D591B82A509C77002DF637 /* Account.swift */ = {isa = PBXFileReference; lastKnownFileType = sourcecode.swift; path = Account.swift; sourceTree = "<group>"; };
		D1D591BA2A509C89002DF637 /* UserProfile.swift */ = {isa = PBXFileReference; lastKnownFileType = sourcecode.swift; path = UserProfile.swift; sourceTree = "<group>"; };
		D1D591BC2A509CB4002DF637 /* StudentsLocation.swift */ = {isa = PBXFileReference; lastKnownFileType = sourcecode.swift; path = StudentsLocation.swift; sourceTree = "<group>"; };
		D1D591BE2A509CCC002DF637 /* StudentsInformation.swift */ = {isa = PBXFileReference; lastKnownFileType = sourcecode.swift; path = StudentsInformation.swift; sourceTree = "<group>"; };
		D1D591C02A509CED002DF637 /* Location.swift */ = {isa = PBXFileReference; lastKnownFileType = sourcecode.swift; path = Location.swift; sourceTree = "<group>"; };
		D1D591C22A509D08002DF637 /* PostLocationResponse.swift */ = {isa = PBXFileReference; lastKnownFileType = sourcecode.swift; path = PostLocationResponse.swift; sourceTree = "<group>"; };
		D1D591C42A509D1D002DF637 /* UpdateLocationResponse.swift */ = {isa = PBXFileReference; lastKnownFileType = sourcecode.swift; path = UpdateLocationResponse.swift; sourceTree = "<group>"; };
		D1D591C62A509D2F002DF637 /* Session.swift */ = {isa = PBXFileReference; lastKnownFileType = sourcecode.swift; path = Session.swift; sourceTree = "<group>"; };
/* End PBXFileReference section */

/* Begin PBXFrameworksBuildPhase section */
		D1D591832A509A8B002DF637 /* Frameworks */ = {
			isa = PBXFrameworksBuildPhase;
			buildActionMask = 2147483647;
			files = (
			);
			runOnlyForDeploymentPostprocessing = 0;
		};
/* End PBXFrameworksBuildPhase section */

/* Begin PBXGroup section */
		D1D5917D2A509A8B002DF637 = {
			isa = PBXGroup;
			children = (
				D1D591882A509A8B002DF637 /* OnTheMap */,
				D1D591872A509A8B002DF637 /* Products */,
			);
			sourceTree = "<group>";
		};
		D1D591872A509A8B002DF637 /* Products */ = {
			isa = PBXGroup;
			children = (
				D1D591862A509A8B002DF637 /* OnTheMap.app */,
			);
			name = Products;
			sourceTree = "<group>";
		};
		D1D591882A509A8B002DF637 /* OnTheMap */ = {
			isa = PBXGroup;
			children = (
				D1D591892A509A8B002DF637 /* AppDelegate.swift */,
				D1D5918B2A509A8B002DF637 /* SceneDelegate.swift */,
				D1D591A42A509B50002DF637 /* CommonStrings.swift */,
				D1D591A22A509B3C002DF637 /* StudentsData.swift */,
				D1D5918F2A509A8B002DF637 /* Main.storyboard */,
				D1D591C82A509E03002DF637 /* ViewControllers */,
				D1D591C92A509E51002DF637 /* Extensions */,
				D1D591CA2A509E63002DF637 /* Networking */,
				D1D591952A509A8D002DF637 /* Assets.xcassets */,
				D1D591972A509A8D002DF637 /* LaunchScreen.storyboard */,
				D1D5919A2A509A8D002DF637 /* Info.plist */,
				D1D591922A509A8B002DF637 /* OnTheMap.xcdatamodeld */,
			);
			path = OnTheMap;
			sourceTree = "<group>";
		};
		D1D591C82A509E03002DF637 /* ViewControllers */ = {
			isa = PBXGroup;
			children = (
				D1D5918D2A509A8B002DF637 /* LoginViewController.swift */,
				D1D591A02A509B20002DF637 /* FinishAddLocationViewController.swift */,
				D1D591A62A509B68002DF637 /* AddLocationViewController.swift */,
				D1D591A82A509B87002DF637 /* ListTableViewController.swift */,
				D1D591AA2A509BA6002DF637 /* MapViewController.swift */,
			);
			path = ViewControllers;
			sourceTree = "<group>";
		};
		D1D591C92A509E51002DF637 /* Extensions */ = {
			isa = PBXGroup;
			children = (
				D1D591AC2A509BCE002DF637 /* UIViewController+Extensions.swift */,
			);
			path = Extensions;
			sourceTree = "<group>";
		};
		D1D591CA2A509E63002DF637 /* Networking */ = {
			isa = PBXGroup;
			children = (
				D1D591AE2A509BE7002DF637 /* ApiClient.swift */,
				D1D591B02A509BFB002DF637 /* Auth.swift */,
				D1D591B22A509C1B002DF637 /* Endpoints.swift */,
				D1D591B42A509C39002DF637 /* RestClient.swift */,
				D1D591CB2A509E97002DF637 /* Model */,
			);
			path = Networking;
			sourceTree = "<group>";
		};
		D1D591CB2A509E97002DF637 /* Model */ = {
			isa = PBXGroup;
			children = (
				D1D591B62A509C5E002DF637 /* LoginResponse.swift */,
				D1D591B82A509C77002DF637 /* Account.swift */,
				D1D591BA2A509C89002DF637 /* UserProfile.swift */,
				D1D591BC2A509CB4002DF637 /* StudentsLocation.swift */,
				D1D591BE2A509CCC002DF637 /* StudentsInformation.swift */,
				D1D591C02A509CED002DF637 /* Location.swift */,
				D1D591C22A509D08002DF637 /* PostLocationResponse.swift */,
				D1D591C42A509D1D002DF637 /* UpdateLocationResponse.swift */,
				D1D591C62A509D2F002DF637 /* Session.swift */,
			);
			path = Model;
			sourceTree = "<group>";
		};
/* End PBXGroup section */

/* Begin PBXNativeTarget section */
		D1D591852A509A8B002DF637 /* OnTheMap */ = {
			isa = PBXNativeTarget;
			buildConfigurationList = D1D5919D2A509A8D002DF637 /* Build configuration list for PBXNativeTarget "OnTheMap" */;
			buildPhases = (
				D1D591822A509A8B002DF637 /* Sources */,
				D1D591832A509A8B002DF637 /* Frameworks */,
				D1D591842A509A8B002DF637 /* Resources */,
			);
			buildRules = (
			);
			dependencies = (
			);
			name = OnTheMap;
			productName = OnTheMap;
			productReference = D1D591862A509A8B002DF637 /* OnTheMap.app */;
			productType = "com.apple.product-type.application";
		};
/* End PBXNativeTarget section */

/* Begin PBXProject section */
		D1D5917E2A509A8B002DF637 /* Project object */ = {
			isa = PBXProject;
			attributes = {
				BuildIndependentTargetsInParallel = 1;
				LastSwiftUpdateCheck = 1400;
				LastUpgradeCheck = 1400;
				TargetAttributes = {
					D1D591852A509A8B002DF637 = {
						CreatedOnToolsVersion = 14.0.1;
					};
				};
			};
			buildConfigurationList = D1D591812A509A8B002DF637 /* Build configuration list for PBXProject "OnTheMap" */;
			compatibilityVersion = "Xcode 14.0";
			developmentRegion = en;
			hasScannedForEncodings = 0;
			knownRegions = (
				en,
				Base,
			);
			mainGroup = D1D5917D2A509A8B002DF637;
			productRefGroup = D1D591872A509A8B002DF637 /* Products */;
			projectDirPath = "";
			projectRoot = "";
			targets = (
				D1D591852A509A8B002DF637 /* OnTheMap */,
			);
		};
/* End PBXProject section */

/* Begin PBXResourcesBuildPhase section */
		D1D591842A509A8B002DF637 /* Resources */ = {
			isa = PBXResourcesBuildPhase;
			buildActionMask = 2147483647;
			files = (
				D1D591992A509A8D002DF637 /* LaunchScreen.storyboard in Resources */,
				D1D591962A509A8D002DF637 /* Assets.xcassets in Resources */,
				D1D591912A509A8B002DF637 /* Main.storyboard in Resources */,
			);
			runOnlyForDeploymentPostprocessing = 0;
		};
/* End PBXResourcesBuildPhase section */

/* Begin PBXSourcesBuildPhase section */
		D1D591822A509A8B002DF637 /* Sources */ = {
			isa = PBXSourcesBuildPhase;
			buildActionMask = 2147483647;
			files = (
				D1D591B12A509BFB002DF637 /* Auth.swift in Sources */,
				D1D591A52A509B50002DF637 /* CommonStrings.swift in Sources */,
				D1D5918E2A509A8B002DF637 /* LoginViewController.swift in Sources */,
				D1D591A32A509B3C002DF637 /* StudentsData.swift in Sources */,
				D1D591BD2A509CB4002DF637 /* StudentsLocation.swift in Sources */,
				D1D591AB2A509BA6002DF637 /* MapViewController.swift in Sources */,
				D1D591A72A509B68002DF637 /* AddLocationViewController.swift in Sources */,
				D1D591B72A509C5E002DF637 /* LoginResponse.swift in Sources */,
				D1D591942A509A8B002DF637 /* OnTheMap.xcdatamodeld in Sources */,
				D1D591BB2A509C89002DF637 /* UserProfile.swift in Sources */,
				D1D591AD2A509BCE002DF637 /* UIViewController+Extensions.swift in Sources */,
				D1D591A12A509B20002DF637 /* FinishAddLocationViewController.swift in Sources */,
				D1D591A92A509B87002DF637 /* ListTableViewController.swift in Sources */,
				D1D591C12A509CED002DF637 /* Location.swift in Sources */,
				D1D591B92A509C77002DF637 /* Account.swift in Sources */,
				D1D591B32A509C1B002DF637 /* Endpoints.swift in Sources */,
				D1D591C52A509D1D002DF637 /* UpdateLocationResponse.swift in Sources */,
				D1D5918A2A509A8B002DF637 /* AppDelegate.swift in Sources */,
				D1D591BF2A509CCC002DF637 /* StudentsInformation.swift in Sources */,
				D1D5918C2A509A8B002DF637 /* SceneDelegate.swift in Sources */,
				D1D591C72A509D2F002DF637 /* Session.swift in Sources */,
				D1D591C32A509D08002DF637 /* PostLocationResponse.swift in Sources */,
				D1D591B52A509C39002DF637 /* RestClient.swift in Sources */,
				D1D591AF2A509BE7002DF637 /* ApiClient.swift in Sources */,
			);
			runOnlyForDeploymentPostprocessing = 0;
		};
/* End PBXSourcesBuildPhase section */

/* Begin PBXVariantGroup section */
		D1D5918F2A509A8B002DF637 /* Main.storyboard */ = {
			isa = PBXVariantGroup;
			children = (
				D1D591902A509A8B002DF637 /* Base */,
			);
			name = Main.storyboard;
			sourceTree = "<group>";
		};
		D1D591972A509A8D002DF637 /* LaunchScreen.storyboard */ = {
			isa = PBXVariantGroup;
			children = (
				D1D591982A509A8D002DF637 /* Base */,
			);
			name = LaunchScreen.storyboard;
			sourceTree = "<group>";
		};
/* End PBXVariantGroup section */

/* Begin XCBuildConfiguration section */
		D1D5919B2A509A8D002DF637 /* Debug */ = {
			isa = XCBuildConfiguration;
			buildSettings = {
				ALWAYS_SEARCH_USER_PATHS = NO;
				CLANG_ANALYZER_NONNULL = YES;
				CLANG_ANALYZER_NUMBER_OBJECT_CONVERSION = YES_AGGRESSIVE;
				CLANG_CXX_LANGUAGE_STANDARD = "gnu++20";
				CLANG_ENABLE_MODULES = YES;
				CLANG_ENABLE_OBJC_ARC = YES;
				CLANG_ENABLE_OBJC_WEAK = YES;
				CLANG_WARN_BLOCK_CAPTURE_AUTORELEASING = YES;
				CLANG_WARN_BOOL_CONVERSION = YES;
				CLANG_WARN_COMMA = YES;
				CLANG_WARN_CONSTANT_CONVERSION = YES;
				CLANG_WARN_DEPRECATED_OBJC_IMPLEMENTATIONS = YES;
				CLANG_WARN_DIRECT_OBJC_ISA_USAGE = YES_ERROR;
				CLANG_WARN_DOCUMENTATION_COMMENTS = YES;
				CLANG_WARN_EMPTY_BODY = YES;
				CLANG_WARN_ENUM_CONVERSION = YES;
				CLANG_WARN_INFINITE_RECURSION = YES;
				CLANG_WARN_INT_CONVERSION = YES;
				CLANG_WARN_NON_LITERAL_NULL_CONVERSION = YES;
				CLANG_WARN_OBJC_IMPLICIT_RETAIN_SELF = YES;
				CLANG_WARN_OBJC_LITERAL_CONVERSION = YES;
				CLANG_WARN_OBJC_ROOT_CLASS = YES_ERROR;
				CLANG_WARN_QUOTED_INCLUDE_IN_FRAMEWORK_HEADER = YES;
				CLANG_WARN_RANGE_LOOP_ANALYSIS = YES;
				CLANG_WARN_STRICT_PROTOTYPES = YES;
				CLANG_WARN_SUSPICIOUS_MOVE = YES;
				CLANG_WARN_UNGUARDED_AVAILABILITY = YES_AGGRESSIVE;
				CLANG_WARN_UNREACHABLE_CODE = YES;
				CLANG_WARN__DUPLICATE_METHOD_MATCH = YES;
				COPY_PHASE_STRIP = NO;
				DEBUG_INFORMATION_FORMAT = dwarf;
				ENABLE_STRICT_OBJC_MSGSEND = YES;
				ENABLE_TESTABILITY = YES;
				GCC_C_LANGUAGE_STANDARD = gnu11;
				GCC_DYNAMIC_NO_PIC = NO;
				GCC_NO_COMMON_BLOCKS = YES;
				GCC_OPTIMIZATION_LEVEL = 0;
				GCC_PREPROCESSOR_DEFINITIONS = (
					"DEBUG=1",
					"$(inherited)",
				);
				GCC_WARN_64_TO_32_BIT_CONVERSION = YES;
				GCC_WARN_ABOUT_RETURN_TYPE = YES_ERROR;
				GCC_WARN_UNDECLARED_SELECTOR = YES;
				GCC_WARN_UNINITIALIZED_AUTOS = YES_AGGRESSIVE;
				GCC_WARN_UNUSED_FUNCTION = YES;
				GCC_WARN_UNUSED_VARIABLE = YES;
				IPHONEOS_DEPLOYMENT_TARGET = 16.0;
				MTL_ENABLE_DEBUG_INFO = INCLUDE_SOURCE;
				MTL_FAST_MATH = YES;
				ONLY_ACTIVE_ARCH = YES;
				SDKROOT = iphoneos;
				SWIFT_ACTIVE_COMPILATION_CONDITIONS = DEBUG;
				SWIFT_OPTIMIZATION_LEVEL = "-Onone";
			};
			name = Debug;
		};
		D1D5919C2A509A8D002DF637 /* Release */ = {
			isa = XCBuildConfiguration;
			buildSettings = {
				ALWAYS_SEARCH_USER_PATHS = NO;
				CLANG_ANALYZER_NONNULL = YES;
				CLANG_ANALYZER_NUMBER_OBJECT_CONVERSION = YES_AGGRESSIVE;
				CLANG_CXX_LANGUAGE_STANDARD = "gnu++20";
				CLANG_ENABLE_MODULES = YES;
				CLANG_ENABLE_OBJC_ARC = YES;
				CLANG_ENABLE_OBJC_WEAK = YES;
				CLANG_WARN_BLOCK_CAPTURE_AUTORELEASING = YES;
				CLANG_WARN_BOOL_CONVERSION = YES;
				CLANG_WARN_COMMA = YES;
				CLANG_WARN_CONSTANT_CONVERSION = YES;
				CLANG_WARN_DEPRECATED_OBJC_IMPLEMENTATIONS = YES;
				CLANG_WARN_DIRECT_OBJC_ISA_USAGE = YES_ERROR;
				CLANG_WARN_DOCUMENTATION_COMMENTS = YES;
				CLANG_WARN_EMPTY_BODY = YES;
				CLANG_WARN_ENUM_CONVERSION = YES;
				CLANG_WARN_INFINITE_RECURSION = YES;
				CLANG_WARN_INT_CONVERSION = YES;
				CLANG_WARN_NON_LITERAL_NULL_CONVERSION = YES;
				CLANG_WARN_OBJC_IMPLICIT_RETAIN_SELF = YES;
				CLANG_WARN_OBJC_LITERAL_CONVERSION = YES;
				CLANG_WARN_OBJC_ROOT_CLASS = YES_ERROR;
				CLANG_WARN_QUOTED_INCLUDE_IN_FRAMEWORK_HEADER = YES;
				CLANG_WARN_RANGE_LOOP_ANALYSIS = YES;
				CLANG_WARN_STRICT_PROTOTYPES = YES;
				CLANG_WARN_SUSPICIOUS_MOVE = YES;
				CLANG_WARN_UNGUARDED_AVAILABILITY = YES_AGGRESSIVE;
				CLANG_WARN_UNREACHABLE_CODE = YES;
				CLANG_WARN__DUPLICATE_METHOD_MATCH = YES;
				COPY_PHASE_STRIP = NO;
				DEBUG_INFORMATION_FORMAT = "dwarf-with-dsym";
				ENABLE_NS_ASSERTIONS = NO;
				ENABLE_STRICT_OBJC_MSGSEND = YES;
				GCC_C_LANGUAGE_STANDARD = gnu11;
				GCC_NO_COMMON_BLOCKS = YES;
				GCC_WARN_64_TO_32_BIT_CONVERSION = YES;
				GCC_WARN_ABOUT_RETURN_TYPE = YES_ERROR;
				GCC_WARN_UNDECLARED_SELECTOR = YES;
				GCC_WARN_UNINITIALIZED_AUTOS = YES_AGGRESSIVE;
				GCC_WARN_UNUSED_FUNCTION = YES;
				GCC_WARN_UNUSED_VARIABLE = YES;
				IPHONEOS_DEPLOYMENT_TARGET = 16.0;
				MTL_ENABLE_DEBUG_INFO = NO;
				MTL_FAST_MATH = YES;
				SDKROOT = iphoneos;
				SWIFT_COMPILATION_MODE = wholemodule;
				SWIFT_OPTIMIZATION_LEVEL = "-O";
				VALIDATE_PRODUCT = YES;
			};
			name = Release;
		};
		D1D5919E2A509A8D002DF637 /* Debug */ = {
			isa = XCBuildConfiguration;
			buildSettings = {
				ASSETCATALOG_COMPILER_APPICON_NAME = AppIcon;
				ASSETCATALOG_COMPILER_GLOBAL_ACCENT_COLOR_NAME = AccentColor;
				CODE_SIGN_STYLE = Automatic;
				CURRENT_PROJECT_VERSION = 1;
				DEVELOPMENT_TEAM = DYCUD2KNPS;
				GENERATE_INFOPLIST_FILE = YES;
				INFOPLIST_FILE = OnTheMap/Info.plist;
				INFOPLIST_KEY_UIApplicationSupportsIndirectInputEvents = YES;
				INFOPLIST_KEY_UILaunchStoryboardName = LaunchScreen;
				INFOPLIST_KEY_UIMainStoryboardFile = Main;
				INFOPLIST_KEY_UISupportedInterfaceOrientations_iPad = "UIInterfaceOrientationPortrait UIInterfaceOrientationPortraitUpsideDown UIInterfaceOrientationLandscapeLeft UIInterfaceOrientationLandscapeRight";
				INFOPLIST_KEY_UISupportedInterfaceOrientations_iPhone = "UIInterfaceOrientationPortrait UIInterfaceOrientationLandscapeLeft UIInterfaceOrientationLandscapeRight";
				LD_RUNPATH_SEARCH_PATHS = (
					"$(inherited)",
					"@executable_path/Frameworks",
				);
				MARKETING_VERSION = 1.0;
				PRODUCT_BUNDLE_IDENTIFIER = dev.marcoguevara.OnTheMap;
				PRODUCT_NAME = "$(TARGET_NAME)";
				SWIFT_EMIT_LOC_STRINGS = YES;
				SWIFT_VERSION = 5.0;
				TARGETED_DEVICE_FAMILY = "1,2";
			};
			name = Debug;
		};
		D1D5919F2A509A8D002DF637 /* Release */ = {
			isa = XCBuildConfiguration;
			buildSettings = {
				ASSETCATALOG_COMPILER_APPICON_NAME = AppIcon;
				ASSETCATALOG_COMPILER_GLOBAL_ACCENT_COLOR_NAME = AccentColor;
				CODE_SIGN_STYLE = Automatic;
				CURRENT_PROJECT_VERSION = 1;
				DEVELOPMENT_TEAM = DYCUD2KNPS;
				GENERATE_INFOPLIST_FILE = YES;
				INFOPLIST_FILE = OnTheMap/Info.plist;
				INFOPLIST_KEY_UIApplicationSupportsIndirectInputEvents = YES;
				INFOPLIST_KEY_UILaunchStoryboardName = LaunchScreen;
				INFOPLIST_KEY_UIMainStoryboardFile = Main;
				INFOPLIST_KEY_UISupportedInterfaceOrientations_iPad = "UIInterfaceOrientationPortrait UIInterfaceOrientationPortraitUpsideDown UIInterfaceOrientationLandscapeLeft UIInterfaceOrientationLandscapeRight";
				INFOPLIST_KEY_UISupportedInterfaceOrientations_iPhone = "UIInterfaceOrientationPortrait UIInterfaceOrientationLandscapeLeft UIInterfaceOrientationLandscapeRight";
				LD_RUNPATH_SEARCH_PATHS = (
					"$(inherited)",
					"@executable_path/Frameworks",
				);
				MARKETING_VERSION = 1.0;
				PRODUCT_BUNDLE_IDENTIFIER = dev.marcoguevara.OnTheMap;
				PRODUCT_NAME = "$(TARGET_NAME)";
				SWIFT_EMIT_LOC_STRINGS = YES;
				SWIFT_VERSION = 5.0;
				TARGETED_DEVICE_FAMILY = "1,2";
			};
			name = Release;
		};
/* End XCBuildConfiguration section */

/* Begin XCConfigurationList section */
		D1D591812A509A8B002DF637 /* Build configuration list for PBXProject "OnTheMap" */ = {
			isa = XCConfigurationList;
			buildConfigurations = (
				D1D5919B2A509A8D002DF637 /* Debug */,
				D1D5919C2A509A8D002DF637 /* Release */,
			);
			defaultConfigurationIsVisible = 0;
			defaultConfigurationName = Release;
		};
		D1D5919D2A509A8D002DF637 /* Build configuration list for PBXNativeTarget "OnTheMap" */ = {
			isa = XCConfigurationList;
			buildConfigurations = (
				D1D5919E2A509A8D002DF637 /* Debug */,
				D1D5919F2A509A8D002DF637 /* Release */,
			);
			defaultConfigurationIsVisible = 0;
			defaultConfigurationName = Release;
		};
/* End XCConfigurationList section */

/* Begin XCVersionGroup section */
		D1D591922A509A8B002DF637 /* OnTheMap.xcdatamodeld */ = {
			isa = XCVersionGroup;
			children = (
				D1D591932A509A8B002DF637 /* OnTheMap.xcdatamodel */,
			);
			currentVersion = D1D591932A509A8B002DF637 /* OnTheMap.xcdatamodel */;
			path = OnTheMap.xcdatamodeld;
			sourceTree = "<group>";
			versionGroupType = wrapper.xcdatamodel;
		};
/* End XCVersionGroup section */
	};
	rootObject = D1D5917E2A509A8B002DF637 /* Project object */;
}
